
Microsoft Visual Studio Solution File, Format Version 12.00
# Visual Studio Version 16
VisualStudioVersion = 16.0.31229.75
MinimumVisualStudioVersion = 10.0.40219.1
Project("{8BC9CEB8-8B4A-11D0-8D11-00A0C91BC942}") = "AaSD_1", "AaSD_1.vcxproj", "{7450EBCA-BDF1-4B7E-83FF-82A5A0B07BEF}"
EndProject
Project("{8BC9CEB8-8B4A-11D0-8D11-00A0C91BC942}") = "Tests_Project", "..\Tests_Project\Tests_Project.vcxproj", "{0D05AD3F-5A06-4510-890E-77CAC1606D53}"
EndProject
Global
	GlobalSection(SolutionConfigurationPlatforms) = preSolution
		Debug|x64 = Debug|x64
		Debug|x86 = Debug|x86
		Release|x64 = Release|x64
		Release|x86 = Release|x86
	EndGlobalSection
	GlobalSection(ProjectConfigurationPlatforms) = postSolution
		{7450EBCA-BDF1-4B7E-83FF-82A5A0B07BEF}.Debug|x64.ActiveCfg = Debug|x64
		{7450EBCA-BDF1-4B7E-83FF-82A5A0B07BEF}.Debug|x64.Build.0 = Debug|x64
		{7450EBCA-BDF1-4B7E-83FF-82A5A0B07BEF}.Debug|x86.ActiveCfg = Debug|Win32
		{7450EBCA-BDF1-4B7E-83FF-82A5A0B07BEF}.Debug|x86.Build.0 = Debug|Win32
		{7450EBCA-BDF1-4B7E-83FF-82A5A0B07BEF}.Release|x64.ActiveCfg = Release|x64
		{7450EBCA-BDF1-4B7E-83FF-82A5A0B07BEF}.Release|x64.Build.0 = Release|x64
		{7450EBCA-BDF1-4B7E-83FF-82A5A0B07BEF}.Release|x86.ActiveCfg = Release|Win32
		{7450EBCA-BDF1-4B7E-83FF-82A5A0B07BEF}.Release|x86.Build.0 = Release|Win32
		{0D05AD3F-5A06-4510-890E-77CAC1606D53}.Debug|x64.ActiveCfg = Debug|x64
		{0D05AD3F-5A06-4510-890E-77CAC1606D53}.Debug|x64.Build.0 = Debug|x64
		{0D05AD3F-5A06-4510-890E-77CAC1606D53}.Debug|x86.ActiveCfg = Debug|Win32
		{0D05AD3F-5A06-4510-890E-77CAC1606D53}.Debug|x86.Build.0 = Debug|Win32
		{0D05AD3F-5A06-4510-890E-77CAC1606D53}.Release|x64.ActiveCfg = Release|x64
		{0D05AD3F-5A06-4510-890E-77CAC1606D53}.Release|x64.Build.0 = Release|x64
		{0D05AD3F-5A06-4510-890E-77CAC1606D53}.Release|x86.ActiveCfg = Release|Win32
		{0D05AD3F-5A06-4510-890E-77CAC1606D53}.Release|x86.Build.0 = Release|Win32
	EndGlobalSection
	GlobalSection(SolutionProperties) = preSolution
		HideSolutionNode = FALSE
	EndGlobalSection
	GlobalSection(ExtensibilityGlobals) = postSolution
		SolutionGuid = {127F4015-A4DC-4804-8506-CA3359917F7A}
	EndGlobalSection
EndGlobal
